schema: '2.0'
stages:
  data_ingestion:
    cmd: python src/data_ingestion.py
    deps:
    - path: src/data_ingestion.py
      hash: md5
      md5: d356fb099f34f6c0a0c8377fe401d42e
      size: 3661
    params:
      params.yaml:
        data_ingestion.test_size: 0.15
    outs:
    - path: data/raw
      hash: md5
      md5: a15ba66afdf82f8659b031b175286ed3.dir
      size: 484846
      nfiles: 2
  data_preprocessing:
    cmd: python src/data_preprocessing.py
    deps:
    - path: data/raw
      hash: md5
      md5: a15ba66afdf82f8659b031b175286ed3.dir
      size: 484846
      nfiles: 2
    - path: src/data_preprocessing.py
      hash: md5
      md5: 65b5363bab8d5a7190c149be746121d1
      size: 9093
    outs:
    - path: data/interim
      hash: md5
      md5: 60a6fff4e80508df65a68e383fa2725e.dir
      size: 259164
      nfiles: 2
  feature_engineering:
    cmd: python src/feature_engineering.py
    deps:
    - path: data/interim
      hash: md5
      md5: 60a6fff4e80508df65a68e383fa2725e.dir
      size: 259164
      nfiles: 2
    - path: src/feature_engineering.py
      hash: md5
      md5: cf8448c21ab5f64a81b288de0c331814
      size: 3910
    params:
      params.yaml:
        feature_engineering.max_features: 45
    outs:
    - path: data/processed
      hash: md5
      md5: 559a406bd55d72aa3370a7e2ed550a87.dir
      size: 1062472
      nfiles: 2
  model_building:
    cmd: python src/model_building.py
    deps:
    - path: data/processed
      hash: md5
      md5: 559a406bd55d72aa3370a7e2ed550a87.dir
      size: 1062472
      nfiles: 2
    - path: src/model_building.py
      hash: md5
      md5: 4e181bd6e519a793e3d60e5f1958a22d
      size: 4480
    params:
      params.yaml:
        model_building.n_estimators: 20
        model_building.random_state: 2
    outs:
    - path: models/model.pkl
      hash: md5
      md5: 46290260e11854fd813ed635939543ee
      size: 1011894
  model_evaluation:
    cmd: python src/model_evaluation.py
    deps:
    - path: models/model.pkl
      hash: md5
      md5: 46290260e11854fd813ed635939543ee
      size: 1011894
    - path: src/model_evaluation.py
      hash: md5
      md5: 1fe3525c6a3952c6b7ee9a452ef45419
      size: 4685
    outs:
    - path: reports/metrics.json
      hash: md5
      md5: a1131327656c3c5defbb517dcc6f76df
      size: 145
